{
  "name": "wechat-ar-wasm",
  "version": "1.0.0",
  "lockfileVersion": 1,
  "requires": true,
  "dependencies": {
    "text-encoder": {
      "version": "0.0.4",
      "resolved": "https://registry.nlark.com/text-encoder/download/text-encoder-0.0.4.tgz",
      "integrity": "sha1-++5Mb7JR3QLi9A+Zg93WjFwWbiw="
    }
  }
}
